
Microsoft Visual Studio Solution File, Format Version 12.00
# Visual Studio Version 16
VisualStudioVersion = 16.0.31727.386
MinimumVisualStudioVersion = 10.0.40219.1
Project("{2150E333-8FDC-42A3-9474-1A3956D46DE8}") = "00.Shared", "00.Shared", "{C1D861C3-8037-4042-B345-72CE44D24704}"
EndProject
Project("{2150E333-8FDC-42A3-9474-1A3956D46DE8}") = "01.Infra", "01.Infra", "{0D2E311E-F7E3-43A1-9E54-D7C10917BBA2}"
EndProject
Project("{2150E333-8FDC-42A3-9474-1A3956D46DE8}") = "02.EntryPoint", "02.EntryPoint", "{25AD8B16-B91D-46FC-8A89-11D907596F63}"
EndProject
Project("{2150E333-8FDC-42A3-9474-1A3956D46DE8}") = "03.Application", "03.Application", "{9380F14D-AF48-4B45-B536-BF6945131A0E}"
EndProject
Project("{2150E333-8FDC-42A3-9474-1A3956D46DE8}") = "04.Domain", "04.Domain", "{A440A1BB-C7A0-498F-A435-44E64717E7BA}"
EndProject
Project("{2150E333-8FDC-42A3-9474-1A3956D46DE8}") = "05.Validation", "05.Validation", "{07C45486-A666-4105-BBE8-639977E55830}"
EndProject
Project("{9A19103F-16F7-4668-BE54-9A1E7A4F7556}") = "Ecommerce.API", "Ecommerce.API\Ecommerce.API.csproj", "{71FA2AA9-7508-449D-9F90-4BFE3B8CEF94}"
EndProject
Project("{9A19103F-16F7-4668-BE54-9A1E7A4F7556}") = "Ecommerce.CrossCutting", "Ecommerce.CrossCutting\Ecommerce.CrossCutting.csproj", "{776195F2-FA89-4514-B67F-34968DE12596}"
EndProject
Project("{9A19103F-16F7-4668-BE54-9A1E7A4F7556}") = "Ecommerce.Authentication", "Ecommerce.Authentication\Ecommerce.Authentication.csproj", "{B37AA5DE-B9AE-4212-A0B3-BE112E51AE93}"
EndProject
Project("{9A19103F-16F7-4668-BE54-9A1E7A4F7556}") = "Ecommerce.Data", "Ecommerce.Data\Ecommerce.Data.csproj", "{4D58DC47-6F63-4DBD-80C1-FDA6B478375B}"
EndProject
Project("{9A19103F-16F7-4668-BE54-9A1E7A4F7556}") = "Ecommerce.Ioc", "Ecommerce.Ioc\Ecommerce.Ioc.csproj", "{4F86ABD4-7658-4E01-9A23-BE217803C6B4}"
EndProject
Project("{9A19103F-16F7-4668-BE54-9A1E7A4F7556}") = "Ecommerce.Repository", "Ecommerce.Repository\Ecommerce.Repository.csproj", "{0C665048-D287-4927-8013-B09DE38B81D9}"
EndProject
Project("{9A19103F-16F7-4668-BE54-9A1E7A4F7556}") = "Ecommerce.ApplicationService", "Ecommerce.ApplicationService\Ecommerce.ApplicationService.csproj", "{86BC32BD-27E0-4614-B537-626DCC841C52}"
EndProject
Project("{9A19103F-16F7-4668-BE54-9A1E7A4F7556}") = "Ecommerce.DomainService", "Ecommerce.DomainService\Ecommerce.DomainService.csproj", "{C3171E56-A9DC-496E-9589-AFCDD2D9646E}"
EndProject
Project("{9A19103F-16F7-4668-BE54-9A1E7A4F7556}") = "Ecommerce.Validation", "Ecommerce.Validation\Ecommerce.Validation.csproj", "{BBC6021F-9312-402B-877A-F2C001BBEABA}"
EndProject
Project("{9A19103F-16F7-4668-BE54-9A1E7A4F7556}") = "Ecommerce.ValidationService", "Ecommerce.ValidationService\Ecommerce.ValidationService.csproj", "{BD3D5B6C-87C1-4315-B248-31402B497C8B}"
EndProject
Global
	GlobalSection(SolutionConfigurationPlatforms) = preSolution
		Debug|Any CPU = Debug|Any CPU
		Release|Any CPU = Release|Any CPU
	EndGlobalSection
	GlobalSection(ProjectConfigurationPlatforms) = postSolution
		{71FA2AA9-7508-449D-9F90-4BFE3B8CEF94}.Debug|Any CPU.ActiveCfg = Debug|Any CPU
		{71FA2AA9-7508-449D-9F90-4BFE3B8CEF94}.Debug|Any CPU.Build.0 = Debug|Any CPU
		{71FA2AA9-7508-449D-9F90-4BFE3B8CEF94}.Release|Any CPU.ActiveCfg = Release|Any CPU
		{71FA2AA9-7508-449D-9F90-4BFE3B8CEF94}.Release|Any CPU.Build.0 = Release|Any CPU
		{776195F2-FA89-4514-B67F-34968DE12596}.Debug|Any CPU.ActiveCfg = Debug|Any CPU
		{776195F2-FA89-4514-B67F-34968DE12596}.Debug|Any CPU.Build.0 = Debug|Any CPU
		{776195F2-FA89-4514-B67F-34968DE12596}.Release|Any CPU.ActiveCfg = Release|Any CPU
		{776195F2-FA89-4514-B67F-34968DE12596}.Release|Any CPU.Build.0 = Release|Any CPU
		{B37AA5DE-B9AE-4212-A0B3-BE112E51AE93}.Debug|Any CPU.ActiveCfg = Debug|Any CPU
		{B37AA5DE-B9AE-4212-A0B3-BE112E51AE93}.Debug|Any CPU.Build.0 = Debug|Any CPU
		{B37AA5DE-B9AE-4212-A0B3-BE112E51AE93}.Release|Any CPU.ActiveCfg = Release|Any CPU
		{B37AA5DE-B9AE-4212-A0B3-BE112E51AE93}.Release|Any CPU.Build.0 = Release|Any CPU
		{4D58DC47-6F63-4DBD-80C1-FDA6B478375B}.Debug|Any CPU.ActiveCfg = Debug|Any CPU
		{4D58DC47-6F63-4DBD-80C1-FDA6B478375B}.Debug|Any CPU.Build.0 = Debug|Any CPU
		{4D58DC47-6F63-4DBD-80C1-FDA6B478375B}.Release|Any CPU.ActiveCfg = Release|Any CPU
		{4D58DC47-6F63-4DBD-80C1-FDA6B478375B}.Release|Any CPU.Build.0 = Release|Any CPU
		{4F86ABD4-7658-4E01-9A23-BE217803C6B4}.Debug|Any CPU.ActiveCfg = Debug|Any CPU
		{4F86ABD4-7658-4E01-9A23-BE217803C6B4}.Debug|Any CPU.Build.0 = Debug|Any CPU
		{4F86ABD4-7658-4E01-9A23-BE217803C6B4}.Release|Any CPU.ActiveCfg = Release|Any CPU
		{4F86ABD4-7658-4E01-9A23-BE217803C6B4}.Release|Any CPU.Build.0 = Release|Any CPU
		{0C665048-D287-4927-8013-B09DE38B81D9}.Debug|Any CPU.ActiveCfg = Debug|Any CPU
		{0C665048-D287-4927-8013-B09DE38B81D9}.Debug|Any CPU.Build.0 = Debug|Any CPU
		{0C665048-D287-4927-8013-B09DE38B81D9}.Release|Any CPU.ActiveCfg = Release|Any CPU
		{0C665048-D287-4927-8013-B09DE38B81D9}.Release|Any CPU.Build.0 = Release|Any CPU
		{86BC32BD-27E0-4614-B537-626DCC841C52}.Debug|Any CPU.ActiveCfg = Debug|Any CPU
		{86BC32BD-27E0-4614-B537-626DCC841C52}.Debug|Any CPU.Build.0 = Debug|Any CPU
		{86BC32BD-27E0-4614-B537-626DCC841C52}.Release|Any CPU.ActiveCfg = Release|Any CPU
		{86BC32BD-27E0-4614-B537-626DCC841C52}.Release|Any CPU.Build.0 = Release|Any CPU
		{C3171E56-A9DC-496E-9589-AFCDD2D9646E}.Debug|Any CPU.ActiveCfg = Debug|Any CPU
		{C3171E56-A9DC-496E-9589-AFCDD2D9646E}.Debug|Any CPU.Build.0 = Debug|Any CPU
		{C3171E56-A9DC-496E-9589-AFCDD2D9646E}.Release|Any CPU.ActiveCfg = Release|Any CPU
		{C3171E56-A9DC-496E-9589-AFCDD2D9646E}.Release|Any CPU.Build.0 = Release|Any CPU
		{BBC6021F-9312-402B-877A-F2C001BBEABA}.Debug|Any CPU.ActiveCfg = Debug|Any CPU
		{BBC6021F-9312-402B-877A-F2C001BBEABA}.Debug|Any CPU.Build.0 = Debug|Any CPU
		{BBC6021F-9312-402B-877A-F2C001BBEABA}.Release|Any CPU.ActiveCfg = Release|Any CPU
		{BBC6021F-9312-402B-877A-F2C001BBEABA}.Release|Any CPU.Build.0 = Release|Any CPU
		{BD3D5B6C-87C1-4315-B248-31402B497C8B}.Debug|Any CPU.ActiveCfg = Debug|Any CPU
		{BD3D5B6C-87C1-4315-B248-31402B497C8B}.Debug|Any CPU.Build.0 = Debug|Any CPU
		{BD3D5B6C-87C1-4315-B248-31402B497C8B}.Release|Any CPU.ActiveCfg = Release|Any CPU
		{BD3D5B6C-87C1-4315-B248-31402B497C8B}.Release|Any CPU.Build.0 = Release|Any CPU
	EndGlobalSection
	GlobalSection(SolutionProperties) = preSolution
		HideSolutionNode = FALSE
	EndGlobalSection
	GlobalSection(NestedProjects) = preSolution
		{71FA2AA9-7508-449D-9F90-4BFE3B8CEF94} = {25AD8B16-B91D-46FC-8A89-11D907596F63}
		{776195F2-FA89-4514-B67F-34968DE12596} = {C1D861C3-8037-4042-B345-72CE44D24704}
		{B37AA5DE-B9AE-4212-A0B3-BE112E51AE93} = {0D2E311E-F7E3-43A1-9E54-D7C10917BBA2}
		{4D58DC47-6F63-4DBD-80C1-FDA6B478375B} = {0D2E311E-F7E3-43A1-9E54-D7C10917BBA2}
		{4F86ABD4-7658-4E01-9A23-BE217803C6B4} = {0D2E311E-F7E3-43A1-9E54-D7C10917BBA2}
		{0C665048-D287-4927-8013-B09DE38B81D9} = {0D2E311E-F7E3-43A1-9E54-D7C10917BBA2}
		{86BC32BD-27E0-4614-B537-626DCC841C52} = {9380F14D-AF48-4B45-B536-BF6945131A0E}
		{C3171E56-A9DC-496E-9589-AFCDD2D9646E} = {A440A1BB-C7A0-498F-A435-44E64717E7BA}
		{BBC6021F-9312-402B-877A-F2C001BBEABA} = {07C45486-A666-4105-BBE8-639977E55830}
		{BD3D5B6C-87C1-4315-B248-31402B497C8B} = {07C45486-A666-4105-BBE8-639977E55830}
	EndGlobalSection
	GlobalSection(ExtensibilityGlobals) = postSolution
		SolutionGuid = {473C29DD-3624-4331-8955-D3E064A9A5D0}
	EndGlobalSection
EndGlobal
