
Microsoft Visual Studio Solution File, Format Version 12.00
# Visual Studio Version 16
VisualStudioVersion = 16.0.31727.386
MinimumVisualStudioVersion = 10.0.40219.1
Project("{9A19103F-16F7-4668-BE54-9A1E7A4F7556}") = "Job", "Job\Job.csproj", "{4CEC8127-2270-454E-B7B7-ABFA75A943A9}"
EndProject
Project("{9A19103F-16F7-4668-BE54-9A1E7A4F7556}") = "Job.DomainService", "Job.DomainService\Job.DomainService.csproj", "{F1F70D56-F4F2-4AD7-8633-6954CC8A65EE}"
EndProject
Project("{9A19103F-16F7-4668-BE54-9A1E7A4F7556}") = "Job.Context", "Job.Context\Job.Context.csproj", "{646F3C9E-B14C-42E8-BA5E-1650F706172F}"
EndProject
Project("{9A19103F-16F7-4668-BE54-9A1E7A4F7556}") = "Job.Ioc", "Job.Ioc\Job.Ioc.csproj", "{34B21197-FB0C-4514-8419-B04EEDB4D52B}"
EndProject
Project("{9A19103F-16F7-4668-BE54-9A1E7A4F7556}") = "Job.Service", "Job.Service\Job.Service.csproj", "{16ED91A8-5F95-4A59-9B37-134258C59C57}"
EndProject
Project("{2150E333-8FDC-42A3-9474-1A3956D46DE8}") = "00.EntryPoint", "00.EntryPoint", "{B8EDD9E0-51D5-4E57-82F6-7471F4B20C7B}"
EndProject
Project("{2150E333-8FDC-42A3-9474-1A3956D46DE8}") = "02.Services", "02.Services", "{D5466090-BD05-456C-90E3-7EE39C2A89BA}"
EndProject
Project("{2150E333-8FDC-42A3-9474-1A3956D46DE8}") = "03.DomainService", "03.DomainService", "{D6DB91C9-AD41-4110-8B8D-8CD7741CE92E}"
EndProject
Project("{2150E333-8FDC-42A3-9474-1A3956D46DE8}") = "04.Clients", "04.Clients", "{5C9C19AD-949A-4BF0-AD7F-DC36D6C69FEC}"
EndProject
Project("{2150E333-8FDC-42A3-9474-1A3956D46DE8}") = "01.Ioc", "01.Ioc", "{5902A05D-D3F5-41E6-B312-06C300EF3A07}"
EndProject
Project("{2150E333-8FDC-42A3-9474-1A3956D46DE8}") = "00.CrossCutting", "00.CrossCutting", "{EF775B3A-292A-4281-97F4-1C3AD24407A5}"
EndProject
Project("{FAE04EC0-301F-11D3-BF4B-00C04F79EFBC}") = "Job.CrossCutting", "Job.CrossCutting\Job.CrossCutting.csproj", "{456B4EC8-DBDC-469A-875C-5E0EF5B97148}"
EndProject
Global
	GlobalSection(SolutionConfigurationPlatforms) = preSolution
		Debug|Any CPU = Debug|Any CPU
		Release|Any CPU = Release|Any CPU
	EndGlobalSection
	GlobalSection(ProjectConfigurationPlatforms) = postSolution
		{4CEC8127-2270-454E-B7B7-ABFA75A943A9}.Debug|Any CPU.ActiveCfg = Debug|Any CPU
		{4CEC8127-2270-454E-B7B7-ABFA75A943A9}.Debug|Any CPU.Build.0 = Debug|Any CPU
		{4CEC8127-2270-454E-B7B7-ABFA75A943A9}.Release|Any CPU.ActiveCfg = Release|Any CPU
		{4CEC8127-2270-454E-B7B7-ABFA75A943A9}.Release|Any CPU.Build.0 = Release|Any CPU
		{F1F70D56-F4F2-4AD7-8633-6954CC8A65EE}.Debug|Any CPU.ActiveCfg = Debug|Any CPU
		{F1F70D56-F4F2-4AD7-8633-6954CC8A65EE}.Debug|Any CPU.Build.0 = Debug|Any CPU
		{F1F70D56-F4F2-4AD7-8633-6954CC8A65EE}.Release|Any CPU.ActiveCfg = Release|Any CPU
		{F1F70D56-F4F2-4AD7-8633-6954CC8A65EE}.Release|Any CPU.Build.0 = Release|Any CPU
		{646F3C9E-B14C-42E8-BA5E-1650F706172F}.Debug|Any CPU.ActiveCfg = Debug|Any CPU
		{646F3C9E-B14C-42E8-BA5E-1650F706172F}.Debug|Any CPU.Build.0 = Debug|Any CPU
		{646F3C9E-B14C-42E8-BA5E-1650F706172F}.Release|Any CPU.ActiveCfg = Release|Any CPU
		{646F3C9E-B14C-42E8-BA5E-1650F706172F}.Release|Any CPU.Build.0 = Release|Any CPU
		{34B21197-FB0C-4514-8419-B04EEDB4D52B}.Debug|Any CPU.ActiveCfg = Debug|Any CPU
		{34B21197-FB0C-4514-8419-B04EEDB4D52B}.Debug|Any CPU.Build.0 = Debug|Any CPU
		{34B21197-FB0C-4514-8419-B04EEDB4D52B}.Release|Any CPU.ActiveCfg = Release|Any CPU
		{34B21197-FB0C-4514-8419-B04EEDB4D52B}.Release|Any CPU.Build.0 = Release|Any CPU
		{16ED91A8-5F95-4A59-9B37-134258C59C57}.Debug|Any CPU.ActiveCfg = Debug|Any CPU
		{16ED91A8-5F95-4A59-9B37-134258C59C57}.Debug|Any CPU.Build.0 = Debug|Any CPU
		{16ED91A8-5F95-4A59-9B37-134258C59C57}.Release|Any CPU.ActiveCfg = Release|Any CPU
		{16ED91A8-5F95-4A59-9B37-134258C59C57}.Release|Any CPU.Build.0 = Release|Any CPU
		{456B4EC8-DBDC-469A-875C-5E0EF5B97148}.Debug|Any CPU.ActiveCfg = Debug|Any CPU
		{456B4EC8-DBDC-469A-875C-5E0EF5B97148}.Debug|Any CPU.Build.0 = Debug|Any CPU
		{456B4EC8-DBDC-469A-875C-5E0EF5B97148}.Release|Any CPU.ActiveCfg = Release|Any CPU
		{456B4EC8-DBDC-469A-875C-5E0EF5B97148}.Release|Any CPU.Build.0 = Release|Any CPU
	EndGlobalSection
	GlobalSection(SolutionProperties) = preSolution
		HideSolutionNode = FALSE
	EndGlobalSection
	GlobalSection(NestedProjects) = preSolution
		{4CEC8127-2270-454E-B7B7-ABFA75A943A9} = {B8EDD9E0-51D5-4E57-82F6-7471F4B20C7B}
		{F1F70D56-F4F2-4AD7-8633-6954CC8A65EE} = {D6DB91C9-AD41-4110-8B8D-8CD7741CE92E}
		{646F3C9E-B14C-42E8-BA5E-1650F706172F} = {5C9C19AD-949A-4BF0-AD7F-DC36D6C69FEC}
		{34B21197-FB0C-4514-8419-B04EEDB4D52B} = {5902A05D-D3F5-41E6-B312-06C300EF3A07}
		{16ED91A8-5F95-4A59-9B37-134258C59C57} = {D5466090-BD05-456C-90E3-7EE39C2A89BA}
		{456B4EC8-DBDC-469A-875C-5E0EF5B97148} = {EF775B3A-292A-4281-97F4-1C3AD24407A5}
	EndGlobalSection
	GlobalSection(ExtensibilityGlobals) = postSolution
		SolutionGuid = {2BCDFEF9-4B65-4F05-A178-F50ECF0E3699}
	EndGlobalSection
EndGlobal
